
Microsoft Visual Studio Solution File, Format Version 12.00
# Visual Studio Version 17
VisualStudioVersion = 17.14.36429.23
MinimumVisualStudioVersion = 10.0.40219.1
Project("{FAE04EC0-301F-11D3-BF4B-00C04F79EFBC}") = "Martify", "Martify\Martify.csproj", "{7118CFE2-BB69-4303-9AD9-CE89663B7B6F}"
EndProject
Global
	GlobalSection(SolutionConfigurationPlatforms) = preSolution
		Debug|Any CPU = Debug|Any CPU
		Release|Any CPU = Release|Any CPU
	EndGlobalSection
	GlobalSection(ProjectConfigurationPlatforms) = postSolution
		{7118CFE2-BB69-4303-9AD9-CE89663B7B6F}.Debug|Any CPU.ActiveCfg = Debug|Any CPU
		{7118CFE2-BB69-4303-9AD9-CE89663B7B6F}.Debug|Any CPU.Build.0 = Debug|Any CPU
		{7118CFE2-BB69-4303-9AD9-CE89663B7B6F}.Release|Any CPU.ActiveCfg = Release|Any CPU
		{7118CFE2-BB69-4303-9AD9-CE89663B7B6F}.Release|Any CPU.Build.0 = Release|Any CPU
	EndGlobalSection
	GlobalSection(SolutionProperties) = preSolution
		HideSolutionNode = FALSE
	EndGlobalSection
	GlobalSection(ExtensibilityGlobals) = postSolution
		SolutionGuid = {82AF1B81-A234-4562-9581-C7DCE53A7111}
	EndGlobalSection
EndGlobal
